
Microsoft Visual Studio Solution File, Format Version 12.00
# Visual Studio Version 17
VisualStudioVersion = 17.0.31903.59
MinimumVisualStudioVersion = 10.0.40219.1
Project("{2150E333-8FDC-42A3-9474-1A3956D46DE8}") = "BackEnd", "BackEnd", "{88E1F5BD-28B0-4798-BBBB-7ED16FF6BFFB}"
EndProject
Project("{2150E333-8FDC-42A3-9474-1A3956D46DE8}") = "OrganizationService", "OrganizationService", "{128F07F8-2E0B-4752-952B-2608D9150637}"
EndProject
Project("{2150E333-8FDC-42A3-9474-1A3956D46DE8}") = "src", "src", "{B156C025-8E21-4CB2-97FE-46A4F75D71E1}"
EndProject
Project("{2150E333-8FDC-42A3-9474-1A3956D46DE8}") = "tests", "tests", "{AA6B99C0-FDCF-4B57-B733-B7DD41928B2B}"
EndProject
Project("{2150E333-8FDC-42A3-9474-1A3956D46DE8}") = "FrontEnd", "FrontEnd", "{20C2A3A7-70CD-4F7E-9801-2DE0C9A6469F}"
EndProject
Project("{2150E333-8FDC-42A3-9474-1A3956D46DE8}") = "Core", "Core", "{5E8A115F-FE84-44AC-AD1D-6ACFF5DF6B6B}"
EndProject
Project("{FAE04EC0-301F-11D3-BF4B-00C04F79EFBC}") = "PMS.OrganizationService.Domain", "PMS.OrganizationService.Domain\PMS.OrganizationService.Domain.csproj", "{136D1CEB-3FD5-4B33-B111-F6AE9AB2B6D6}"
EndProject
Project("{FAE04EC0-301F-11D3-BF4B-00C04F79EFBC}") = "PMS.OrganizationService.Application", "PMS.OrganizationService.Application\PMS.OrganizationService.Application.csproj", "{6AD6D6E7-6842-4ED5-8644-1A5723B77C0C}"
EndProject
Project("{2150E333-8FDC-42A3-9474-1A3956D46DE8}") = "Shared", "Shared", "{3B13EAF2-18A7-441C-A5B6-4035BD3B2A9B}"
EndProject
Project("{FAE04EC0-301F-11D3-BF4B-00C04F79EFBC}") = "PMS.Contracts", "PMS.Contracts\PMS.Contracts.csproj", "{1B082539-0DD0-4A22-9E82-A5D3E891842C}"
EndProject
Project("{FAE04EC0-301F-11D3-BF4B-00C04F79EFBC}") = "PMS.Messaging", "PMS.Messaging\PMS.Messaging.csproj", "{C2F979D2-524A-46C8-A5C6-051D3EBF20E0}"
EndProject
Project("{2150E333-8FDC-42A3-9474-1A3956D46DE8}") = "Core", "Core", "{3A348C22-04CD-477B-AA7A-3C5FECAE87FD}"
EndProject
Project("{FAE04EC0-301F-11D3-BF4B-00C04F79EFBC}") = "OrganizationService.Application.Tests", "OrganizationService.Application.Tests\OrganizationService.Application.Tests.csproj", "{7DB6D148-F87F-43F3-AC17-F37FC6861D54}"
EndProject
Project("{2150E333-8FDC-42A3-9474-1A3956D46DE8}") = "Infrustracture", "Infrustracture", "{7CD23F3E-4382-47A8-878A-863BFBB0CA50}"
EndProject
Project("{FAE04EC0-301F-11D3-BF4B-00C04F79EFBC}") = "PMS.OrganizationService.Persistence", "PMS.OrganizationService.Persistence\PMS.OrganizationService.Persistence.csproj", "{C5676EFD-42D5-4516-A058-D61332FDED71}"
EndProject
Global
	GlobalSection(SolutionConfigurationPlatforms) = preSolution
		Debug|Any CPU = Debug|Any CPU
		Release|Any CPU = Release|Any CPU
	EndGlobalSection
	GlobalSection(SolutionProperties) = preSolution
		HideSolutionNode = FALSE
	EndGlobalSection
	GlobalSection(NestedProjects) = preSolution
		{128F07F8-2E0B-4752-952B-2608D9150637} = {88E1F5BD-28B0-4798-BBBB-7ED16FF6BFFB}
		{B156C025-8E21-4CB2-97FE-46A4F75D71E1} = {128F07F8-2E0B-4752-952B-2608D9150637}
		{AA6B99C0-FDCF-4B57-B733-B7DD41928B2B} = {128F07F8-2E0B-4752-952B-2608D9150637}
		{5E8A115F-FE84-44AC-AD1D-6ACFF5DF6B6B} = {B156C025-8E21-4CB2-97FE-46A4F75D71E1}
		{136D1CEB-3FD5-4B33-B111-F6AE9AB2B6D6} = {5E8A115F-FE84-44AC-AD1D-6ACFF5DF6B6B}
		{6AD6D6E7-6842-4ED5-8644-1A5723B77C0C} = {5E8A115F-FE84-44AC-AD1D-6ACFF5DF6B6B}
		{1B082539-0DD0-4A22-9E82-A5D3E891842C} = {3B13EAF2-18A7-441C-A5B6-4035BD3B2A9B}
		{C2F979D2-524A-46C8-A5C6-051D3EBF20E0} = {3B13EAF2-18A7-441C-A5B6-4035BD3B2A9B}
		{3A348C22-04CD-477B-AA7A-3C5FECAE87FD} = {AA6B99C0-FDCF-4B57-B733-B7DD41928B2B}
		{7DB6D148-F87F-43F3-AC17-F37FC6861D54} = {3A348C22-04CD-477B-AA7A-3C5FECAE87FD}
		{7CD23F3E-4382-47A8-878A-863BFBB0CA50} = {B156C025-8E21-4CB2-97FE-46A4F75D71E1}
		{C5676EFD-42D5-4516-A058-D61332FDED71} = {7CD23F3E-4382-47A8-878A-863BFBB0CA50}
	EndGlobalSection
	GlobalSection(ProjectConfigurationPlatforms) = postSolution
		{136D1CEB-3FD5-4B33-B111-F6AE9AB2B6D6}.Debug|Any CPU.ActiveCfg = Debug|Any CPU
		{136D1CEB-3FD5-4B33-B111-F6AE9AB2B6D6}.Debug|Any CPU.Build.0 = Debug|Any CPU
		{136D1CEB-3FD5-4B33-B111-F6AE9AB2B6D6}.Release|Any CPU.ActiveCfg = Release|Any CPU
		{136D1CEB-3FD5-4B33-B111-F6AE9AB2B6D6}.Release|Any CPU.Build.0 = Release|Any CPU
		{6AD6D6E7-6842-4ED5-8644-1A5723B77C0C}.Debug|Any CPU.ActiveCfg = Debug|Any CPU
		{6AD6D6E7-6842-4ED5-8644-1A5723B77C0C}.Debug|Any CPU.Build.0 = Debug|Any CPU
		{6AD6D6E7-6842-4ED5-8644-1A5723B77C0C}.Release|Any CPU.ActiveCfg = Release|Any CPU
		{6AD6D6E7-6842-4ED5-8644-1A5723B77C0C}.Release|Any CPU.Build.0 = Release|Any CPU
		{1B082539-0DD0-4A22-9E82-A5D3E891842C}.Debug|Any CPU.ActiveCfg = Debug|Any CPU
		{1B082539-0DD0-4A22-9E82-A5D3E891842C}.Debug|Any CPU.Build.0 = Debug|Any CPU
		{1B082539-0DD0-4A22-9E82-A5D3E891842C}.Release|Any CPU.ActiveCfg = Release|Any CPU
		{1B082539-0DD0-4A22-9E82-A5D3E891842C}.Release|Any CPU.Build.0 = Release|Any CPU
		{C2F979D2-524A-46C8-A5C6-051D3EBF20E0}.Debug|Any CPU.ActiveCfg = Debug|Any CPU
		{C2F979D2-524A-46C8-A5C6-051D3EBF20E0}.Debug|Any CPU.Build.0 = Debug|Any CPU
		{C2F979D2-524A-46C8-A5C6-051D3EBF20E0}.Release|Any CPU.ActiveCfg = Release|Any CPU
		{C2F979D2-524A-46C8-A5C6-051D3EBF20E0}.Release|Any CPU.Build.0 = Release|Any CPU
		{7DB6D148-F87F-43F3-AC17-F37FC6861D54}.Debug|Any CPU.ActiveCfg = Debug|Any CPU
		{7DB6D148-F87F-43F3-AC17-F37FC6861D54}.Debug|Any CPU.Build.0 = Debug|Any CPU
		{7DB6D148-F87F-43F3-AC17-F37FC6861D54}.Release|Any CPU.ActiveCfg = Release|Any CPU
		{7DB6D148-F87F-43F3-AC17-F37FC6861D54}.Release|Any CPU.Build.0 = Release|Any CPU
		{C5676EFD-42D5-4516-A058-D61332FDED71}.Debug|Any CPU.ActiveCfg = Debug|Any CPU
		{C5676EFD-42D5-4516-A058-D61332FDED71}.Debug|Any CPU.Build.0 = Debug|Any CPU
		{C5676EFD-42D5-4516-A058-D61332FDED71}.Release|Any CPU.ActiveCfg = Release|Any CPU
		{C5676EFD-42D5-4516-A058-D61332FDED71}.Release|Any CPU.Build.0 = Release|Any CPU
	EndGlobalSection
EndGlobal
